<?xml version="1.0" encoding="utf-8"?>
<Project ToolsVersion="4.0" xmlns="http://schemas.microsoft.com/developer/msbuild/2003">
  <ItemGroup>
    <Filter Include="Source Files">
      <UniqueIdentifier>{4FC737F1-C7A5-4376-A066-2A32D752A2FF}</UniqueIdentifier>
      <Extensions>cpp;c;cc;cxx;def;odl;idl;hpj;bat;asm;asmx</Extensions>
    </Filter>
    <Filter Include="Header Files">
      <UniqueIdentifier>{93995380-89BD-4b04-88EB-625FBE52EBFB}</UniqueIdentifier>
      <Extensions>h;hh;hpp;hxx;hm;inl;inc;xsd</Extensions>
    </Filter>
    <Filter Include="Resource Files">
      <UniqueIdentifier>{67DA6AB6-F800-4c08-8B7A-83BB121AAD01}</UniqueIdentifier>
      <Extensions>rc;ico;cur;bmp;dlg;rc2;rct;bin;rgs;gif;jpg;jpeg;jpe;resx;tiff;tif;png;wav</Extensions>
    </Filter>
    <Filter Include="Libs">
      <UniqueIdentifier>{53dccb9b-43ad-4cb3-b75c-5529944e10c6}</UniqueIdentifier>
    </Filter>
    <Filter Include="Configure Files">
      <UniqueIdentifier>{77f9205c-4ed5-4930-810d-5689f37e3534}</UniqueIdentifier>
    </Filter>
  </ItemGroup>
  <ItemGroup>
    <ClCompile Include="main.cpp">
      <Filter>Source Files</Filter>
    </ClCompile>
    <ClCompile Include="Test.cpp">
      <Filter>Source Files</Filter>
    </ClCompile>
    <ClCompile Include="marco.cpp">
      <Filter>Source Files</Filter>
    </ClCompile>
    <ClCompile Include="TestConstructionOrder.cpp">
      <Filter>Source Files</Filter>
    </ClCompile>
    <ClCompile Include="LogHelper.cpp">
      <Filter>Libs</Filter>
    </ClCompile>
  </ItemGroup>
  <ItemGroup>
    <ClInclude Include="CallableMod.h">
      <Filter>Header Files</Filter>
    </ClInclude>
    <ClInclude Include="Test.h">
      <Filter>Header Files</Filter>
    </ClInclude>
    <ClInclude Include="marco.h">
      <Filter>Header Files</Filter>
    </ClInclude>
    <ClInclude Include="Libs\easylogging++_v9.80.h">
      <Filter>Libs</Filter>
    </ClInclude>
    <ClInclude Include="TestConstructionOrder.h">
      <Filter>Header Files</Filter>
    </ClInclude>
    <ClInclude Include="LogHelper.h">
      <Filter>Libs</Filter>
    </ClInclude>
  </ItemGroup>
  <ItemGroup>
    <None Include="log.conf">
      <Filter>Configure Files</Filter>
    </None>
  </ItemGroup>
</Project>